// !$*UTF8*$!
{
	archiveVersion = 1;
	classes = {
	};
	objectVersion = 50;
	objects = {

/* Begin PBXBuildFile section */
		D376E28B28277DAA004D335A /* AppDelegate.swift in Sources */ = {isa = PBXBuildFile; fileRef = D376E28A28277DAA004D335A /* AppDelegate.swift */; };
		D376E28D28277DAA004D335A /* SceneDelegate.swift in Sources */ = {isa = PBXBuildFile; fileRef = D376E28C28277DAA004D335A /* SceneDelegate.swift */; };
		D376E28F28277DAA004D335A /* ViewController.swift in Sources */ = {isa = PBXBuildFile; fileRef = D376E28E28277DAA004D335A /* ViewController.swift */; };
		D376E29228277DAA004D335A /* Main.storyboard in Resources */ = {isa = PBXBuildFile; fileRef = D376E29028277DAA004D335A /* Main.storyboard */; };
		D376E29528277DAA004D335A /* ZemogaTestEP.xcdatamodeld in Sources */ = {isa = PBXBuildFile; fileRef = D376E29328277DAA004D335A /* ZemogaTestEP.xcdatamodeld */; };
		D376E29728277DB5004D335A /* Assets.xcassets in Resources */ = {isa = PBXBuildFile; fileRef = D376E29628277DB5004D335A /* Assets.xcassets */; };
		D376E29A28277DB5004D335A /* LaunchScreen.storyboard in Resources */ = {isa = PBXBuildFile; fileRef = D376E29828277DB5004D335A /* LaunchScreen.storyboard */; };
/* End PBXBuildFile section */

/* Begin PBXFileReference section */
		D376E28728277DAA004D335A /* ZemogaTestEP.app */ = {isa = PBXFileReference; explicitFileType = wrapper.application; includeInIndex = 0; path = ZemogaTestEP.app; sourceTree = BUILT_PRODUCTS_DIR; };
		D376E28A28277DAA004D335A /* AppDelegate.swift */ = {isa = PBXFileReference; lastKnownFileType = sourcecode.swift; path = AppDelegate.swift; sourceTree = "<group>"; };
		D376E28C28277DAA004D335A /* SceneDelegate.swift */ = {isa = PBXFileReference; lastKnownFileType = sourcecode.swift; path = SceneDelegate.swift; sourceTree = "<group>"; };
		D376E28E28277DAA004D335A /* ViewController.swift */ = {isa = PBXFileReference; lastKnownFileType = sourcecode.swift; path = ViewController.swift; sourceTree = "<group>"; };
		D376E29128277DAA004D335A /* Base */ = {isa = PBXFileReference; lastKnownFileType = file.storyboard; name = Base; path = Base.lproj/Main.storyboard; sourceTree = "<group>"; };
		D376E29428277DAA004D335A /* ZemogaTestEP.xcdatamodel */ = {isa = PBXFileReference; lastKnownFileType = wrapper.xcdatamodel; path = ZemogaTestEP.xcdatamodel; sourceTree = "<group>"; };
		D376E29628277DB5004D335A /* Assets.xcassets */ = {isa = PBXFileReference; lastKnownFileType = folder.assetcatalog; path = Assets.xcassets; sourceTree = "<group>"; };
		D376E29928277DB5004D335A /* Base */ = {isa = PBXFileReference; lastKnownFileType = file.storyboard; name = Base; path = Base.lproj/LaunchScreen.storyboard; sourceTree = "<group>"; };
		D376E29B28277DB5004D335A /* Info.plist */ = {isa = PBXFileReference; lastKnownFileType = text.plist.xml; path = Info.plist; sourceTree = "<group>"; };
/* End PBXFileReference section */

/* Begin PBXFrameworksBuildPhase section */
		D376E28428277DAA004D335A /* Frameworks */ = {
			isa = PBXFrameworksBuildPhase;
			buildActionMask = 2147483647;
			files = (
			);
			runOnlyForDeploymentPostprocessing = 0;
		};
/* End PBXFrameworksBuildPhase section */

/* Begin PBXGroup section */
		D376E27E28277DAA004D335A = {
			isa = PBXGroup;
			children = (
				D376E28928277DAA004D335A /* ZemogaTestEP */,
				D376E28828277DAA004D335A /* Products */,
			);
			sourceTree = "<group>";
		};
		D376E28828277DAA004D335A /* Products */ = {
			isa = PBXGroup;
			children = (
				D376E28728277DAA004D335A /* ZemogaTestEP.app */,
			);
			name = Products;
			sourceTree = "<group>";
		};
		D376E28928277DAA004D335A /* ZemogaTestEP */ = {
			isa = PBXGroup;
			children = (
				D376E28A28277DAA004D335A /* AppDelegate.swift */,
				D376E28C28277DAA004D335A /* SceneDelegate.swift */,
				D376E28E28277DAA004D335A /* ViewController.swift */,
				D376E29028277DAA004D335A /* Main.storyboard */,
				D376E29628277DB5004D335A /* Assets.xcassets */,
				D376E29828277DB5004D335A /* LaunchScreen.storyboard */,
				D376E29B28277DB5004D335A /* Info.plist */,
				D376E29328277DAA004D335A /* ZemogaTestEP.xcdatamodeld */,
			);
			path = ZemogaTestEP;
			sourceTree = "<group>";
		};
/* End PBXGroup section */

/* Begin PBXNativeTarget section */
		D376E28628277DAA004D335A /* ZemogaTestEP */ = {
			isa = PBXNativeTarget;
			buildConfigurationList = D376E29E28277DB5004D335A /* Build configuration list for PBXNativeTarget "ZemogaTestEP" */;
			buildPhases = (
				D376E28328277DAA004D335A /* Sources */,
				D376E28428277DAA004D335A /* Frameworks */,
				D376E28528277DAA004D335A /* Resources */,
			);
			buildRules = (
			);
			dependencies = (
			);
			name = ZemogaTestEP;
			productName = ZemogaTestEP;
			productReference = D376E28728277DAA004D335A /* ZemogaTestEP.app */;
			productType = "com.apple.product-type.application";
		};
/* End PBXNativeTarget section */

/* Begin PBXProject section */
		D376E27F28277DAA004D335A /* Project object */ = {
			isa = PBXProject;
			attributes = {
				LastSwiftUpdateCheck = 1240;
				LastUpgradeCheck = 1240;
				TargetAttributes = {
					D376E28628277DAA004D335A = {
						CreatedOnToolsVersion = 12.4;
					};
				};
			};
			buildConfigurationList = D376E28228277DAA004D335A /* Build configuration list for PBXProject "ZemogaTestEP" */;
			compatibilityVersion = "Xcode 9.3";
			developmentRegion = en;
			hasScannedForEncodings = 0;
			knownRegions = (
				en,
				Base,
			);
			mainGroup = D376E27E28277DAA004D335A;
			productRefGroup = D376E28828277DAA004D335A /* Products */;
			projectDirPath = "";
			projectRoot = "";
			targets = (
				D376E28628277DAA004D335A /* ZemogaTestEP */,
			);
		};
/* End PBXProject section */

/* Begin PBXResourcesBuildPhase section */
		D376E28528277DAA004D335A /* Resources */ = {
			isa = PBXResourcesBuildPhase;
			buildActionMask = 2147483647;
			files = (
				D376E29A28277DB5004D335A /* LaunchScreen.storyboard in Resources */,
				D376E29728277DB5004D335A /* Assets.xcassets in Resources */,
				D376E29228277DAA004D335A /* Main.storyboard in Resources */,
			);
			runOnlyForDeploymentPostprocessing = 0;
		};
/* End PBXResourcesBuildPhase section */

/* Begin PBXSourcesBuildPhase section */
		D376E28328277DAA004D335A /* Sources */ = {
			isa = PBXSourcesBuildPhase;
			buildActionMask = 2147483647;
			files = (
				D376E28F28277DAA004D335A /* ViewController.swift in Sources */,
				D376E29528277DAA004D335A /* ZemogaTestEP.xcdatamodeld in Sources */,
				D376E28B28277DAA004D335A /* AppDelegate.swift in Sources */,
				D376E28D28277DAA004D335A /* SceneDelegate.swift in Sources */,
			);
			runOnlyForDeploymentPostprocessing = 0;
		};
/* End PBXSourcesBuildPhase section */

/* Begin PBXVariantGroup section */
		D376E29028277DAA004D335A /* Main.storyboard */ = {
			isa = PBXVariantGroup;
			children = (
				D376E29128277DAA004D335A /* Base */,
			);
			name = Main.storyboard;
			sourceTree = "<group>";
		};
		D376E29828277DB5004D335A /* LaunchScreen.storyboard */ = {
			isa = PBXVariantGroup;
			children = (
				D376E29928277DB5004D335A /* Base */,
			);
			name = LaunchScreen.storyboard;
			sourceTree = "<group>";
		};
/* End PBXVariantGroup section */

/* Begin XCBuildConfiguration section */
		D376E29C28277DB5004D335A /* Debug */ = {
			isa = XCBuildConfiguration;
			buildSettings = {
				ALWAYS_SEARCH_USER_PATHS = NO;
				CLANG_ANALYZER_NONNULL = YES;
				CLANG_ANALYZER_NUMBER_OBJECT_CONVERSION = YES_AGGRESSIVE;
				CLANG_CXX_LANGUAGE_STANDARD = "gnu++14";
				CLANG_CXX_LIBRARY = "libc++";
				CLANG_ENABLE_MODULES = YES;
				CLANG_ENABLE_OBJC_ARC = YES;
				CLANG_ENABLE_OBJC_WEAK = YES;
				CLANG_WARN_BLOCK_CAPTURE_AUTORELEASING = YES;
				CLANG_WARN_BOOL_CONVERSION = YES;
				CLANG_WARN_COMMA = YES;
				CLANG_WARN_CONSTANT_CONVERSION = YES;
				CLANG_WARN_DEPRECATED_OBJC_IMPLEMENTATIONS = YES;
				CLANG_WARN_DIRECT_OBJC_ISA_USAGE = YES_ERROR;
				CLANG_WARN_DOCUMENTATION_COMMENTS = YES;
				CLANG_WARN_EMPTY_BODY = YES;
				CLANG_WARN_ENUM_CONVERSION = YES;
				CLANG_WARN_INFINITE_RECURSION = YES;
				CLANG_WARN_INT_CONVERSION = YES;
				CLANG_WARN_NON_LITERAL_NULL_CONVERSION = YES;
				CLANG_WARN_OBJC_IMPLICIT_RETAIN_SELF = YES;
				CLANG_WARN_OBJC_LITERAL_CONVERSION = YES;
				CLANG_WARN_OBJC_ROOT_CLASS = YES_ERROR;
				CLANG_WARN_QUOTED_INCLUDE_IN_FRAMEWORK_HEADER = YES;
				CLANG_WARN_RANGE_LOOP_ANALYSIS = YES;
				CLANG_WARN_STRICT_PROTOTYPES = YES;
				CLANG_WARN_SUSPICIOUS_MOVE = YES;
				CLANG_WARN_UNGUARDED_AVAILABILITY = YES_AGGRESSIVE;
				CLANG_WARN_UNREACHABLE_CODE = YES;
				CLANG_WARN__DUPLICATE_METHOD_MATCH = YES;
				COPY_PHASE_STRIP = NO;
				DEBUG_INFORMATION_FORMAT = dwarf;
				ENABLE_STRICT_OBJC_MSGSEND = YES;
				ENABLE_TESTABILITY = YES;
				GCC_C_LANGUAGE_STANDARD = gnu11;
				GCC_DYNAMIC_NO_PIC = NO;
				GCC_NO_COMMON_BLOCKS = YES;
				GCC_OPTIMIZATION_LEVEL = 0;
				GCC_PREPROCESSOR_DEFINITIONS = (
					"DEBUG=1",
					"$(inherited)",
				);
				GCC_WARN_64_TO_32_BIT_CONVERSION = YES;
				GCC_WARN_ABOUT_RETURN_TYPE = YES_ERROR;
				GCC_WARN_UNDECLARED_SELECTOR = YES;
				GCC_WARN_UNINITIALIZED_AUTOS = YES_AGGRESSIVE;
				GCC_WARN_UNUSED_FUNCTION = YES;
				GCC_WARN_UNUSED_VARIABLE = YES;
				IPHONEOS_DEPLOYMENT_TARGET = 14.4;
				MTL_ENABLE_DEBUG_INFO = INCLUDE_SOURCE;
				MTL_FAST_MATH = YES;
				ONLY_ACTIVE_ARCH = YES;
				SDKROOT = iphoneos;
				SWIFT_ACTIVE_COMPILATION_CONDITIONS = DEBUG;
				SWIFT_OPTIMIZATION_LEVEL = "-Onone";
			};
			name = Debug;
		};
		D376E29D28277DB5004D335A /* Release */ = {
			isa = XCBuildConfiguration;
			buildSettings = {
				ALWAYS_SEARCH_USER_PATHS = NO;
				CLANG_ANALYZER_NONNULL = YES;
				CLANG_ANALYZER_NUMBER_OBJECT_CONVERSION = YES_AGGRESSIVE;
				CLANG_CXX_LANGUAGE_STANDARD = "gnu++14";
				CLANG_CXX_LIBRARY = "libc++";
				CLANG_ENABLE_MODULES = YES;
				CLANG_ENABLE_OBJC_ARC = YES;
				CLANG_ENABLE_OBJC_WEAK = YES;
				CLANG_WARN_BLOCK_CAPTURE_AUTORELEASING = YES;
				CLANG_WARN_BOOL_CONVERSION = YES;
				CLANG_WARN_COMMA = YES;
				CLANG_WARN_CONSTANT_CONVERSION = YES;
				CLANG_WARN_DEPRECATED_OBJC_IMPLEMENTATIONS = YES;
				CLANG_WARN_DIRECT_OBJC_ISA_USAGE = YES_ERROR;
				CLANG_WARN_DOCUMENTATION_COMMENTS = YES;
				CLANG_WARN_EMPTY_BODY = YES;
				CLANG_WARN_ENUM_CONVERSION = YES;
				CLANG_WARN_INFINITE_RECURSION = YES;
				CLANG_WARN_INT_CONVERSION = YES;
				CLANG_WARN_NON_LITERAL_NULL_CONVERSION = YES;
				CLANG_WARN_OBJC_IMPLICIT_RETAIN_SELF = YES;
				CLANG_WARN_OBJC_LITERAL_CONVERSION = YES;
				CLANG_WARN_OBJC_ROOT_CLASS = YES_ERROR;
				CLANG_WARN_QUOTED_INCLUDE_IN_FRAMEWORK_HEADER = YES;
				CLANG_WARN_RANGE_LOOP_ANALYSIS = YES;
				CLANG_WARN_STRICT_PROTOTYPES = YES;
				CLANG_WARN_SUSPICIOUS_MOVE = YES;
				CLANG_WARN_UNGUARDED_AVAILABILITY = YES_AGGRESSIVE;
				CLANG_WARN_UNREACHABLE_CODE = YES;
				CLANG_WARN__DUPLICATE_METHOD_MATCH = YES;
				COPY_PHASE_STRIP = NO;
				DEBUG_INFORMATION_FORMAT = "dwarf-with-dsym";
				ENABLE_NS_ASSERTIONS = NO;
				ENABLE_STRICT_OBJC_MSGSEND = YES;
				GCC_C_LANGUAGE_STANDARD = gnu11;
				GCC_NO_COMMON_BLOCKS = YES;
				GCC_WARN_64_TO_32_BIT_CONVERSION = YES;
				GCC_WARN_ABOUT_RETURN_TYPE = YES_ERROR;
				GCC_WARN_UNDECLARED_SELECTOR = YES;
				GCC_WARN_UNINITIALIZED_AUTOS = YES_AGGRESSIVE;
				GCC_WARN_UNUSED_FUNCTION = YES;
				GCC_WARN_UNUSED_VARIABLE = YES;
				IPHONEOS_DEPLOYMENT_TARGET = 14.4;
				MTL_ENABLE_DEBUG_INFO = NO;
				MTL_FAST_MATH = YES;
				SDKROOT = iphoneos;
				SWIFT_COMPILATION_MODE = wholemodule;
				SWIFT_OPTIMIZATION_LEVEL = "-O";
				VALIDATE_PRODUCT = YES;
			};
			name = Release;
		};
		D376E29F28277DB5004D335A /* Debug */ = {
			isa = XCBuildConfiguration;
			buildSettings = {
				ASSETCATALOG_COMPILER_APPICON_NAME = AppIcon;
				ASSETCATALOG_COMPILER_GLOBAL_ACCENT_COLOR_NAME = AccentColor;
				CODE_SIGN_STYLE = Automatic;
				DEVELOPMENT_TEAM = 4Q5WYFKD9F;
				INFOPLIST_FILE = ZemogaTestEP/Info.plist;
				LD_RUNPATH_SEARCH_PATHS = (
					"$(inherited)",
					"@executable_path/Frameworks",
				);
				PRODUCT_BUNDLE_IDENTIFIER = com.EmilioPortocarrero.ZemogaTestEP;
				PRODUCT_NAME = "$(TARGET_NAME)";
				SWIFT_VERSION = 5.0;
				TARGETED_DEVICE_FAMILY = "1,2";
			};
			name = Debug;
		};
		D376E2A028277DB5004D335A /* Release */ = {
			isa = XCBuildConfiguration;
			buildSettings = {
				ASSETCATALOG_COMPILER_APPICON_NAME = AppIcon;
				ASSETCATALOG_COMPILER_GLOBAL_ACCENT_COLOR_NAME = AccentColor;
				CODE_SIGN_STYLE = Automatic;
				DEVELOPMENT_TEAM = 4Q5WYFKD9F;
				INFOPLIST_FILE = ZemogaTestEP/Info.plist;
				LD_RUNPATH_SEARCH_PATHS = (
					"$(inherited)",
					"@executable_path/Frameworks",
				);
				PRODUCT_BUNDLE_IDENTIFIER = com.EmilioPortocarrero.ZemogaTestEP;
				PRODUCT_NAME = "$(TARGET_NAME)";
				SWIFT_VERSION = 5.0;
				TARGETED_DEVICE_FAMILY = "1,2";
			};
			name = Release;
		};
/* End XCBuildConfiguration section */

/* Begin XCConfigurationList section */
		D376E28228277DAA004D335A /* Build configuration list for PBXProject "ZemogaTestEP" */ = {
			isa = XCConfigurationList;
			buildConfigurations = (
				D376E29C28277DB5004D335A /* Debug */,
				D376E29D28277DB5004D335A /* Release */,
			);
			defaultConfigurationIsVisible = 0;
			defaultConfigurationName = Release;
		};
		D376E29E28277DB5004D335A /* Build configuration list for PBXNativeTarget "ZemogaTestEP" */ = {
			isa = XCConfigurationList;
			buildConfigurations = (
				D376E29F28277DB5004D335A /* Debug */,
				D376E2A028277DB5004D335A /* Release */,
			);
			defaultConfigurationIsVisible = 0;
			defaultConfigurationName = Release;
		};
/* End XCConfigurationList section */

/* Begin XCVersionGroup section */
		D376E29328277DAA004D335A /* ZemogaTestEP.xcdatamodeld */ = {
			isa = XCVersionGroup;
			children = (
				D376E29428277DAA004D335A /* ZemogaTestEP.xcdatamodel */,
			);
			currentVersion = D376E29428277DAA004D335A /* ZemogaTestEP.xcdatamodel */;
			path = ZemogaTestEP.xcdatamodeld;
			sourceTree = "<group>";
			versionGroupType = wrapper.xcdatamodel;
		};
/* End XCVersionGroup section */
	};
	rootObject = D376E27F28277DAA004D335A /* Project object */;
}
